Microsoft Visual Studio Solution File, Format Version 11.00
# Visual Studio 2008

Project("{D460D33C-6D5C-0ADE-16E4-AB52080A2CE1}") = "fftwave3d", "Assembly-CSharp.csproj", "{632B588F-3B1D-C85B-C8B9-A439FC57178E}"
EndProject
Global
	GlobalSection(SolutionConfigurationPlatforms) = preSolution
		Debug|Any CPU = Debug|Any CPU
		Release|Any CPU = Release|Any CPU
	EndGlobalSection
	GlobalSection(ProjectConfigurationPlatforms) = postSolution
		{632B588F-3B1D-C85B-C8B9-A439FC57178E}.Debug|Any CPU.ActiveCfg = Debug|Any CPU
		{632B588F-3B1D-C85B-C8B9-A439FC57178E}.Debug|Any CPU.Build.0 = Debug|Any CPU
		{632B588F-3B1D-C85B-C8B9-A439FC57178E}.Release|Any CPU.ActiveCfg = Release|Any CPU
		{632B588F-3B1D-C85B-C8B9-A439FC57178E}.Release|Any CPU.Build.0 = Release|Any CPU
	EndGlobalSection
	GlobalSection(SolutionProperties) = preSolution
		HideSolutionNode = FALSE
	EndGlobalSection
																							GlobalSection(MonoDevelopProperties) = preSolution
		StartupItem = Assembly-CSharp.csproj
		Policies = $0
		$0.TextStylePolicy = $1
		$1.inheritsSet = null
		$1.scope = text/x-csharp
		$0.CSharpFormattingPolicy = $2
		$2.inheritsSet = Mono
		$2.inheritsScope = text/x-csharp
		$2.scope = text/x-csharp
		$0.TextStylePolicy = $3
		$3.FileWidth = 120
		$3.TabWidth = 4
		$3.IndentWidth = 4
		$3.EolMarker = Unix
		$3.inheritsSet = Mono
		$3.inheritsScope = text/plain
		$3.scope = text/plain
	EndGlobalSection

EndGlobal
